// !$*UTF8*$!
{
	archiveVersion = 1;
	classes = {
	};
	objectVersion = 46;
	objects = {

/* Begin PBXBuildFile section */
		99013A1B17286924006453BC /* toggle_log.png in Resources */ = {isa = PBXBuildFile; fileRef = 99013A1A17286924006453BC /* toggle_log.png */; };
		990C312216B9F9D70008E90A /* CalendarMonthViewController.m in Sources */ = {isa = PBXBuildFile; fileRef = 990C312116B9F9D70008E90A /* CalendarMonthViewController.m */; };
		990C314516B9FF770008E90A /* libTapkuLibrary.a in Frameworks */ = {isa = PBXBuildFile; fileRef = 990C314016B9FF1D0008E90A /* libTapkuLibrary.a */; };
		990C316516BA14160008E90A /* AddEventViewController.m in Sources */ = {isa = PBXBuildFile; fileRef = 990C316416BA14160008E90A /* AddEventViewController.m */; };
		990C317216BCAB120008E90A /* VariableStore.m in Sources */ = {isa = PBXBuildFile; fileRef = 990C317116BCAB120008E90A /* VariableStore.m */; };
		990C317E16BF5C000008E90A /* grey_uibutton.png in Resources */ = {isa = PBXBuildFile; fileRef = 990C317D16BF5BFF0008E90A /* grey_uibutton.png */; };
		990C318016BF5C110008E90A /* green_uibutton.png in Resources */ = {isa = PBXBuildFile; fileRef = 990C317F16BF5C110008E90A /* green_uibutton.png */; };
		990C318216BF5C220008E90A /* red_uibutton.png in Resources */ = {isa = PBXBuildFile; fileRef = 990C318116BF5C220008E90A /* red_uibutton.png */; };
		990C318516C20C670008E90A /* ViewWeekViewController.m in Sources */ = {isa = PBXBuildFile; fileRef = 990C318416C20C670008E90A /* ViewWeekViewController.m */; };
		990C31A816C368D40008E90A /* CustomCellView.xib in Resources */ = {isa = PBXBuildFile; fileRef = 990C31A716C368D40008E90A /* CustomCellView.xib */; };
		990C31AB16C36B7F0008E90A /* TableCell.m in Sources */ = {isa = PBXBuildFile; fileRef = 990C31AA16C36B7F0008E90A /* TableCell.m */; };
		990C31AD16C61A230008E90A /* log_book.jpg in Resources */ = {isa = PBXBuildFile; fileRef = 990C31AC16C61A230008E90A /* log_book.jpg */; };
		990C31AF16C61D150008E90A /* cr32_action_contents2.png in Resources */ = {isa = PBXBuildFile; fileRef = 990C31AE16C61D150008E90A /* cr32_action_contents2.png */; };
		990C31B116C61D5D0008E90A /* book.png in Resources */ = {isa = PBXBuildFile; fileRef = 990C31B016C61D5D0008E90A /* book.png */; };
		990C31B316C61D6B0008E90A /* book.png in Resources */ = {isa = PBXBuildFile; fileRef = 990C31B216C61D6B0008E90A /* book.png */; };
		990C31B516C6860B0008E90A /* cr32_action_contents2 (1).png in Resources */ = {isa = PBXBuildFile; fileRef = 990C31B416C6860B0008E90A /* cr32_action_contents2 (1).png */; };
		991B3782172CC2C500E83F52 /* cr32_action_contents2 (2).png in Resources */ = {isa = PBXBuildFile; fileRef = 991B3781172CC2C500E83F52 /* cr32_action_contents2 (2).png */; };
		991B3787172CC48700E83F52 /* preaching_log_57.png in Resources */ = {isa = PBXBuildFile; fileRef = 991B3786172CC48700E83F52 /* preaching_log_57.png */; };
		991B3789172CC4A500E83F52 /* preaching_log_57.png in Resources */ = {isa = PBXBuildFile; fileRef = 991B3788172CC4A500E83F52 /* preaching_log_57.png */; };
		991B378B172CC54400E83F52 /* preaching_log_114.png in Resources */ = {isa = PBXBuildFile; fileRef = 991B378A172CC54400E83F52 /* preaching_log_114.png */; };
		991B378D172CC56200E83F52 /* preaching_log_114.png in Resources */ = {isa = PBXBuildFile; fileRef = 991B378C172CC56200E83F52 /* preaching_log_114.png */; };
		994247D41722EC0200B60305 /* AddressBookUI.framework in Frameworks */ = {isa = PBXBuildFile; fileRef = 994247D31722EC0200B60305 /* AddressBookUI.framework */; };
		994247D61722F22800B60305 /* AddressBook.framework in Frameworks */ = {isa = PBXBuildFile; fileRef = 994247D51722F22800B60305 /* AddressBook.framework */; };
		994247DA1722F5C000B60305 /* ContactLogViewController.m in Sources */ = {isa = PBXBuildFile; fileRef = 994247D91722F5C000B60305 /* ContactLogViewController.m */; };
		994247DE1723126B00B60305 /* Contact.m in Sources */ = {isa = PBXBuildFile; fileRef = 994247DD1723126B00B60305 /* Contact.m */; };
		99959A6D16B756DC00E69A2F /* UIKit.framework in Frameworks */ = {isa = PBXBuildFile; fileRef = 99959A6C16B756DC00E69A2F /* UIKit.framework */; };
		99959A6F16B756DC00E69A2F /* Foundation.framework in Frameworks */ = {isa = PBXBuildFile; fileRef = 99959A6E16B756DC00E69A2F /* Foundation.framework */; };
		99959A7116B756DC00E69A2F /* CoreGraphics.framework in Frameworks */ = {isa = PBXBuildFile; fileRef = 99959A7016B756DC00E69A2F /* CoreGraphics.framework */; };
		99959A7716B756DC00E69A2F /* InfoPlist.strings in Resources */ = {isa = PBXBuildFile; fileRef = 99959A7516B756DC00E69A2F /* InfoPlist.strings */; };
		99959A7916B756DC00E69A2F /* main.m in Sources */ = {isa = PBXBuildFile; fileRef = 99959A7816B756DC00E69A2F /* main.m */; };
		99959A7D16B756DC00E69A2F /* AppDelegate.m in Sources */ = {isa = PBXBuildFile; fileRef = 99959A7C16B756DC00E69A2F /* AppDelegate.m */; };
		99959A7F16B756DC00E69A2F /* Default.png in Resources */ = {isa = PBXBuildFile; fileRef = 99959A7E16B756DC00E69A2F /* Default.png */; };
		99959A8116B756DC00E69A2F /* Default@2x.png in Resources */ = {isa = PBXBuildFile; fileRef = 99959A8016B756DC00E69A2F /* Default@2x.png */; };
		99959A8316B756DC00E69A2F /* Default-568h@2x.png in Resources */ = {isa = PBXBuildFile; fileRef = 99959A8216B756DC00E69A2F /* Default-568h@2x.png */; };
		99959A8616B756DC00E69A2F /* MainStoryboard_iPhone.storyboard in Resources */ = {isa = PBXBuildFile; fileRef = 99959A8416B756DC00E69A2F /* MainStoryboard_iPhone.storyboard */; };
		99959A8916B756DC00E69A2F /* MainStoryboard_iPad.storyboard in Resources */ = {isa = PBXBuildFile; fileRef = 99959A8716B756DC00E69A2F /* MainStoryboard_iPad.storyboard */; };
		99959A9716B756DC00E69A2F /* SenTestingKit.framework in Frameworks */ = {isa = PBXBuildFile; fileRef = 99959A9616B756DC00E69A2F /* SenTestingKit.framework */; };
		99959A9816B756DC00E69A2F /* UIKit.framework in Frameworks */ = {isa = PBXBuildFile; fileRef = 99959A6C16B756DC00E69A2F /* UIKit.framework */; };
		99959A9916B756DC00E69A2F /* Foundation.framework in Frameworks */ = {isa = PBXBuildFile; fileRef = 99959A6E16B756DC00E69A2F /* Foundation.framework */; };
		99959AA116B756DC00E69A2F /* InfoPlist.strings in Resources */ = {isa = PBXBuildFile; fileRef = 99959A9F16B756DC00E69A2F /* InfoPlist.strings */; };
		99959AA416B756DC00E69A2F /* Preaching_LogTests.m in Sources */ = {isa = PBXBuildFile; fileRef = 99959AA316B756DC00E69A2F /* Preaching_LogTests.m */; };
		99959AEF16B75CE000E69A2F /* TapkuLibrary.bundle in Resources */ = {isa = PBXBuildFile; fileRef = 99959AEE16B75CE000E69A2F /* TapkuLibrary.bundle */; };
		99959AF416B75D5000E69A2F /* QuartzCore.framework in Frameworks */ = {isa = PBXBuildFile; fileRef = 99959AF316B75D5000E69A2F /* QuartzCore.framework */; };
		99959AF616B75D6300E69A2F /* MapKit.framework in Frameworks */ = {isa = PBXBuildFile; fileRef = 99959AF516B75D6300E69A2F /* MapKit.framework */; };
		99959B0916B7712700E69A2F /* CalendarViewController.m in Sources */ = {isa = PBXBuildFile; fileRef = 99959B0816B7712700E69A2F /* CalendarViewController.m */; };
		99CC12E01720F49E0012C01C /* CoreData.framework in Frameworks */ = {isa = PBXBuildFile; fileRef = 99CC12DF1720F49E0012C01C /* CoreData.framework */; };
		99CC12E41720F6CD0012C01C /* Preaching Log.xcdatamodeld in Sources */ = {isa = PBXBuildFile; fileRef = 99CC12E21720F6CD0012C01C /* Preaching Log.xcdatamodeld */; };
		99CC12E7172211E80012C01C /* Event.m in Sources */ = {isa = PBXBuildFile; fileRef = 99CC12E6172211E80012C01C /* Event.m */; };
		99D87DBA1726255900A1785E /* sub_blue_remove.png in Resources */ = {isa = PBXBuildFile; fileRef = 99D87DB91726255900A1785E /* sub_blue_remove.png */; };
		99DC0A9A1726280C00770C82 /* blue_button.png in Resources */ = {isa = PBXBuildFile; fileRef = 99DC0A991726280C00770C82 /* blue_button.png */; };
		99EBD77C172634C1003042C7 /* ActionSheetStringPicker.m in Sources */ = {isa = PBXBuildFile; fileRef = 99EBD77B172634C1003042C7 /* ActionSheetStringPicker.m */; };
		99EBD77D172634C1003042C7 /* ActionSheetStringPicker.m in Sources */ = {isa = PBXBuildFile; fileRef = 99EBD77B172634C1003042C7 /* ActionSheetStringPicker.m */; };
		99EBD781172634D3003042C7 /* AbstractActionSheetPicker.m in Sources */ = {isa = PBXBuildFile; fileRef = 99EBD780172634D3003042C7 /* AbstractActionSheetPicker.m */; };
		99EBD782172634D3003042C7 /* AbstractActionSheetPicker.m in Sources */ = {isa = PBXBuildFile; fileRef = 99EBD780172634D3003042C7 /* AbstractActionSheetPicker.m */; };
/* End PBXBuildFile section */

/* Begin PBXContainerItemProxy section */
		990C313F16B9FF1D0008E90A /* PBXContainerItemProxy */ = {
			isa = PBXContainerItemProxy;
			containerPortal = 990C313616B9FF1C0008E90A /* TapkuLibrary.xcodeproj */;
			proxyType = 2;
			remoteGlobalIDString = D2AAC07E0554694100DB518D;
			remoteInfo = TapkuLibrary;
		};
		990C314116B9FF1D0008E90A /* PBXContainerItemProxy */ = {
			isa = PBXContainerItemProxy;
			containerPortal = 990C313616B9FF1C0008E90A /* TapkuLibrary.xcodeproj */;
			proxyType = 2;
			remoteGlobalIDString = 3B45DDF1134C736600D24C1A;
			remoteInfo = LogicTests;
		};
		990C314316B9FF6C0008E90A /* PBXContainerItemProxy */ = {
			isa = PBXContainerItemProxy;
			containerPortal = 990C313616B9FF1C0008E90A /* TapkuLibrary.xcodeproj */;
			proxyType = 1;
			remoteGlobalIDString = D2AAC07D0554694100DB518D;
			remoteInfo = TapkuLibrary;
		};
		99959A9A16B756DC00E69A2F /* PBXContainerItemProxy */ = {
			isa = PBXContainerItemProxy;
			containerPortal = 99959A5F16B756DC00E69A2F /* Project object */;
			proxyType = 1;
			remoteGlobalIDString = 99959A6716B756DC00E69A2F;
			remoteInfo = "Preaching Log";
		};
/* End PBXContainerItemProxy section */

/* Begin PBXFileReference section */
		99013A1A17286924006453BC /* toggle_log.png */ = {isa = PBXFileReference; lastKnownFileType = image.png; path = toggle_log.png; sourceTree = "<group>"; };
		990C312016B9F9D70008E90A /* CalendarMonthViewController.h */ = {isa = PBXFileReference; fileEncoding = 4; lastKnownFileType = sourcecode.c.h; path = CalendarMonthViewController.h; sourceTree = "<group>"; };
		990C312116B9F9D70008E90A /* CalendarMonthViewController.m */ = {isa = PBXFileReference; fileEncoding = 4; lastKnownFileType = sourcecode.c.objc; path = CalendarMonthViewController.m; sourceTree = "<group>"; };
		990C313616B9FF1C0008E90A /* TapkuLibrary.xcodeproj */ = {isa = PBXFileReference; lastKnownFileType = "wrapper.pb-project"; name = TapkuLibrary.xcodeproj; path = ../tapkulibrary/src/TapkuLibrary.xcodeproj; sourceTree = "<group>"; };
		990C316316BA14160008E90A /* AddEventViewController.h */ = {isa = PBXFileReference; fileEncoding = 4; lastKnownFileType = sourcecode.c.h; path = AddEventViewController.h; sourceTree = "<group>"; };
		990C316416BA14160008E90A /* AddEventViewController.m */ = {isa = PBXFileReference; fileEncoding = 4; lastKnownFileType = sourcecode.c.objc; path = AddEventViewController.m; sourceTree = "<group>"; };
		990C317016BCAB120008E90A /* VariableStore.h */ = {isa = PBXFileReference; fileEncoding = 4; lastKnownFileType = sourcecode.c.h; path = VariableStore.h; sourceTree = "<group>"; };
		990C317116BCAB120008E90A /* VariableStore.m */ = {isa = PBXFileReference; fileEncoding = 4; lastKnownFileType = sourcecode.c.objc; path = VariableStore.m; sourceTree = "<group>"; };
		990C317D16BF5BFF0008E90A /* grey_uibutton.png */ = {isa = PBXFileReference; lastKnownFileType = image.png; path = grey_uibutton.png; sourceTree = "<group>"; };
		990C317F16BF5C110008E90A /* green_uibutton.png */ = {isa = PBXFileReference; lastKnownFileType = image.png; path = green_uibutton.png; sourceTree = "<group>"; };
		990C318116BF5C220008E90A /* red_uibutton.png */ = {isa = PBXFileReference; lastKnownFileType = image.png; path = red_uibutton.png; sourceTree = "<group>"; };
		990C318316C20C660008E90A /* ViewWeekViewController.h */ = {isa = PBXFileReference; fileEncoding = 4; lastKnownFileType = sourcecode.c.h; path = ViewWeekViewController.h; sourceTree = "<group>"; };
		990C318416C20C670008E90A /* ViewWeekViewController.m */ = {isa = PBXFileReference; fileEncoding = 4; lastKnownFileType = sourcecode.c.objc; path = ViewWeekViewController.m; sourceTree = "<group>"; };
		990C31A716C368D40008E90A /* CustomCellView.xib */ = {isa = PBXFileReference; fileEncoding = 4; lastKnownFileType = file.xib; path = CustomCellView.xib; sourceTree = "<group>"; };
		990C31A916C36B7E0008E90A /* TableCell.h */ = {isa = PBXFileReference; fileEncoding = 4; lastKnownFileType = sourcecode.c.h; path = TableCell.h; sourceTree = "<group>"; };
		990C31AA16C36B7F0008E90A /* TableCell.m */ = {isa = PBXFileReference; fileEncoding = 4; lastKnownFileType = sourcecode.c.objc; path = TableCell.m; sourceTree = "<group>"; };
		990C31AC16C61A230008E90A /* log_book.jpg */ = {isa = PBXFileReference; lastKnownFileType = image.jpeg; path = log_book.jpg; sourceTree = "<group>"; };
		990C31AE16C61D150008E90A /* cr32_action_contents2.png */ = {isa = PBXFileReference; lastKnownFileType = image.png; path = cr32_action_contents2.png; sourceTree = "<group>"; };
		990C31B016C61D5D0008E90A /* book.png */ = {isa = PBXFileReference; lastKnownFileType = image.png; path = book.png; sourceTree = "<group>"; };
		990C31B216C61D6B0008E90A /* book.png */ = {isa = PBXFileReference; lastKnownFileType = image.png; path = book.png; sourceTree = "<group>"; };
		990C31B416C6860B0008E90A /* cr32_action_contents2 (1).png */ = {isa = PBXFileReference; lastKnownFileType = image.png; name = "cr32_action_contents2 (1).png"; path = "../../../Downloads/cr32_action_contents2 (1).png"; sourceTree = "<group>"; };
		991B3781172CC2C500E83F52 /* cr32_action_contents2 (2).png */ = {isa = PBXFileReference; lastKnownFileType = image.png; path = "cr32_action_contents2 (2).png"; sourceTree = "<group>"; };
		991B3786172CC48700E83F52 /* preaching_log_57.png */ = {isa = PBXFileReference; lastKnownFileType = image.png; path = preaching_log_57.png; sourceTree = "<group>"; };
		991B3788172CC4A500E83F52 /* preaching_log_57.png */ = {isa = PBXFileReference; lastKnownFileType = image.png; path = preaching_log_57.png; sourceTree = "<group>"; };
		991B378A172CC54400E83F52 /* preaching_log_114.png */ = {isa = PBXFileReference; lastKnownFileType = image.png; path = preaching_log_114.png; sourceTree = "<group>"; };
		991B378C172CC56200E83F52 /* preaching_log_114.png */ = {isa = PBXFileReference; lastKnownFileType = image.png; path = preaching_log_114.png; sourceTree = "<group>"; };
		994247D31722EC0200B60305 /* AddressBookUI.framework */ = {isa = PBXFileReference; lastKnownFileType = wrapper.framework; name = AddressBookUI.framework; path = System/Library/Frameworks/AddressBookUI.framework; sourceTree = SDKROOT; };
		994247D51722F22800B60305 /* AddressBook.framework */ = {isa = PBXFileReference; lastKnownFileType = wrapper.framework; name = AddressBook.framework; path = System/Library/Frameworks/AddressBook.framework; sourceTree = SDKROOT; };
		994247D81722F5C000B60305 /* ContactLogViewController.h */ = {isa = PBXFileReference; fileEncoding = 4; lastKnownFileType = sourcecode.c.h; path = ContactLogViewController.h; sourceTree = "<group>"; };
		994247D91722F5C000B60305 /* ContactLogViewController.m */ = {isa = PBXFileReference; fileEncoding = 4; lastKnownFileType = sourcecode.c.objc; path = ContactLogViewController.m; sourceTree = "<group>"; };
		994247DC1723126B00B60305 /* Contact.h */ = {isa = PBXFileReference; fileEncoding = 4; lastKnownFileType = sourcecode.c.h; path = Contact.h; sourceTree = "<group>"; };
		994247DD1723126B00B60305 /* Contact.m */ = {isa = PBXFileReference; fileEncoding = 4; lastKnownFileType = sourcecode.c.objc; path = Contact.m; sourceTree = "<group>"; };
		99959A6816B756DC00E69A2F /* Preaching Log.app */ = {isa = PBXFileReference; explicitFileType = wrapper.application; includeInIndex = 0; path = "Preaching Log.app"; sourceTree = BUILT_PRODUCTS_DIR; };
		99959A6C16B756DC00E69A2F /* UIKit.framework */ = {isa = PBXFileReference; lastKnownFileType = wrapper.framework; name = UIKit.framework; path = System/Library/Frameworks/UIKit.framework; sourceTree = SDKROOT; };
		99959A6E16B756DC00E69A2F /* Foundation.framework */ = {isa = PBXFileReference; lastKnownFileType = wrapper.framework; name = Foundation.framework; path = System/Library/Frameworks/Foundation.framework; sourceTree = SDKROOT; };
		99959A7016B756DC00E69A2F /* CoreGraphics.framework */ = {isa = PBXFileReference; lastKnownFileType = wrapper.framework; name = CoreGraphics.framework; path = System/Library/Frameworks/CoreGraphics.framework; sourceTree = SDKROOT; };
		99959A7416B756DC00E69A2F /* Preaching Log-Info.plist */ = {isa = PBXFileReference; lastKnownFileType = text.plist.xml; path = "Preaching Log-Info.plist"; sourceTree = "<group>"; };
		99959A7616B756DC00E69A2F /* en */ = {isa = PBXFileReference; lastKnownFileType = text.plist.strings; name = en; path = en.lproj/InfoPlist.strings; sourceTree = "<group>"; };
		99959A7816B756DC00E69A2F /* main.m */ = {isa = PBXFileReference; lastKnownFileType = sourcecode.c.objc; path = main.m; sourceTree = "<group>"; };
		99959A7A16B756DC00E69A2F /* Preaching Log-Prefix.pch */ = {isa = PBXFileReference; lastKnownFileType = sourcecode.c.h; path = "Preaching Log-Prefix.pch"; sourceTree = "<group>"; };
		99959A7B16B756DC00E69A2F /* AppDelegate.h */ = {isa = PBXFileReference; lastKnownFileType = sourcecode.c.h; path = AppDelegate.h; sourceTree = "<group>"; };
		99959A7C16B756DC00E69A2F /* AppDelegate.m */ = {isa = PBXFileReference; lastKnownFileType = sourcecode.c.objc; path = AppDelegate.m; sourceTree = "<group>"; };
		99959A7E16B756DC00E69A2F /* Default.png */ = {isa = PBXFileReference; lastKnownFileType = image.png; path = Default.png; sourceTree = "<group>"; };
		99959A8016B756DC00E69A2F /* Default@2x.png */ = {isa = PBXFileReference; lastKnownFileType = image.png; path = "Default@2x.png"; sourceTree = "<group>"; };
		99959A8216B756DC00E69A2F /* Default-568h@2x.png */ = {isa = PBXFileReference; lastKnownFileType = image.png; path = "Default-568h@2x.png"; sourceTree = "<group>"; };
		99959A8516B756DC00E69A2F /* en */ = {isa = PBXFileReference; lastKnownFileType = file.storyboard; name = en; path = en.lproj/MainStoryboard_iPhone.storyboard; sourceTree = "<group>"; };
		99959A8816B756DC00E69A2F /* en */ = {isa = PBXFileReference; lastKnownFileType = file.storyboard; name = en; path = en.lproj/MainStoryboard_iPad.storyboard; sourceTree = "<group>"; };
		99959A9516B756DC00E69A2F /* Preaching LogTests.octest */ = {isa = PBXFileReference; explicitFileType = wrapper.cfbundle; includeInIndex = 0; path = "Preaching LogTests.octest"; sourceTree = BUILT_PRODUCTS_DIR; };
		99959A9616B756DC00E69A2F /* SenTestingKit.framework */ = {isa = PBXFileReference; lastKnownFileType = wrapper.framework; name = SenTestingKit.framework; path = Library/Frameworks/SenTestingKit.framework; sourceTree = DEVELOPER_DIR; };
		99959A9E16B756DC00E69A2F /* Preaching LogTests-Info.plist */ = {isa = PBXFileReference; lastKnownFileType = text.plist.xml; path = "Preaching LogTests-Info.plist"; sourceTree = "<group>"; };
		99959AA016B756DC00E69A2F /* en */ = {isa = PBXFileReference; lastKnownFileType = text.plist.strings; name = en; path = en.lproj/InfoPlist.strings; sourceTree = "<group>"; };
		99959AA216B756DC00E69A2F /* Preaching_LogTests.h */ = {isa = PBXFileReference; lastKnownFileType = sourcecode.c.h; path = Preaching_LogTests.h; sourceTree = "<group>"; };
		99959AA316B756DC00E69A2F /* Preaching_LogTests.m */ = {isa = PBXFileReference; lastKnownFileType = sourcecode.c.objc; path = Preaching_LogTests.m; sourceTree = "<group>"; };
		99959AEE16B75CE000E69A2F /* TapkuLibrary.bundle */ = {isa = PBXFileReference; lastKnownFileType = "wrapper.plug-in"; path = TapkuLibrary.bundle; sourceTree = "<group>"; };
		99959AF316B75D5000E69A2F /* QuartzCore.framework */ = {isa = PBXFileReference; lastKnownFileType = wrapper.framework; name = QuartzCore.framework; path = System/Library/Frameworks/QuartzCore.framework; sourceTree = SDKROOT; };
		99959AF516B75D6300E69A2F /* MapKit.framework */ = {isa = PBXFileReference; lastKnownFileType = wrapper.framework; name = MapKit.framework; path = System/Library/Frameworks/MapKit.framework; sourceTree = SDKROOT; };
		99959B0716B7712700E69A2F /* CalendarViewController.h */ = {isa = PBXFileReference; fileEncoding = 4; lastKnownFileType = sourcecode.c.h; path = CalendarViewController.h; sourceTree = "<group>"; };
		99959B0816B7712700E69A2F /* CalendarViewController.m */ = {isa = PBXFileReference; fileEncoding = 4; lastKnownFileType = sourcecode.c.objc; path = CalendarViewController.m; sourceTree = "<group>"; };
		99CC12DF1720F49E0012C01C /* CoreData.framework */ = {isa = PBXFileReference; lastKnownFileType = wrapper.framework; name = CoreData.framework; path = System/Library/Frameworks/CoreData.framework; sourceTree = SDKROOT; };
		99CC12E31720F6CD0012C01C /* Preaching Log.xcdatamodel */ = {isa = PBXFileReference; lastKnownFileType = wrapper.xcdatamodel; path = "Preaching Log.xcdatamodel"; sourceTree = "<group>"; };
		99CC12E5172211E80012C01C /* Event.h */ = {isa = PBXFileReference; fileEncoding = 4; lastKnownFileType = sourcecode.c.h; path = Event.h; sourceTree = "<group>"; };
		99CC12E6172211E80012C01C /* Event.m */ = {isa = PBXFileReference; fileEncoding = 4; lastKnownFileType = sourcecode.c.objc; path = Event.m; sourceTree = "<group>"; };
		99D87DB91726255900A1785E /* sub_blue_remove.png */ = {isa = PBXFileReference; lastKnownFileType = image.png; path = sub_blue_remove.png; sourceTree = "<group>"; };
		99DC0A991726280C00770C82 /* blue_button.png */ = {isa = PBXFileReference; lastKnownFileType = image.png; path = blue_button.png; sourceTree = "<group>"; };
		99EBD77A172634C1003042C7 /* ActionSheetStringPicker.h */ = {isa = PBXFileReference; fileEncoding = 4; lastKnownFileType = sourcecode.c.h; path = ActionSheetStringPicker.h; sourceTree = "<group>"; };
		99EBD77B172634C1003042C7 /* ActionSheetStringPicker.m */ = {isa = PBXFileReference; fileEncoding = 4; lastKnownFileType = sourcecode.c.objc; path = ActionSheetStringPicker.m; sourceTree = "<group>"; };
		99EBD77F172634D3003042C7 /* AbstractActionSheetPicker.h */ = {isa = PBXFileReference; fileEncoding = 4; lastKnownFileType = sourcecode.c.h; path = AbstractActionSheetPicker.h; sourceTree = "<group>"; };
		99EBD780172634D3003042C7 /* AbstractActionSheetPicker.m */ = {isa = PBXFileReference; fileEncoding = 4; lastKnownFileType = sourcecode.c.objc; path = AbstractActionSheetPicker.m; sourceTree = "<group>"; };
/* End PBXFileReference section */

/* Begin PBXFrameworksBuildPhase section */
		99959A6516B756DC00E69A2F /* Frameworks */ = {
			isa = PBXFrameworksBuildPhase;
			buildActionMask = 2147483647;
			files = (
				994247D61722F22800B60305 /* AddressBook.framework in Frameworks */,
				994247D41722EC0200B60305 /* AddressBookUI.framework in Frameworks */,
				99CC12E01720F49E0012C01C /* CoreData.framework in Frameworks */,
				990C314516B9FF770008E90A /* libTapkuLibrary.a in Frameworks */,
				99959AF616B75D6300E69A2F /* MapKit.framework in Frameworks */,
				99959AF416B75D5000E69A2F /* QuartzCore.framework in Frameworks */,
				99959A6D16B756DC00E69A2F /* UIKit.framework in Frameworks */,
				99959A6F16B756DC00E69A2F /* Foundation.framework in Frameworks */,
				99959A7116B756DC00E69A2F /* CoreGraphics.framework in Frameworks */,
			);
			runOnlyForDeploymentPostprocessing = 0;
		};
		99959A9116B756DC00E69A2F /* Frameworks */ = {
			isa = PBXFrameworksBuildPhase;
			buildActionMask = 2147483647;
			files = (
				99959A9716B756DC00E69A2F /* SenTestingKit.framework in Frameworks */,
				99959A9816B756DC00E69A2F /* UIKit.framework in Frameworks */,
				99959A9916B756DC00E69A2F /* Foundation.framework in Frameworks */,
			);
			runOnlyForDeploymentPostprocessing = 0;
		};
/* End PBXFrameworksBuildPhase section */

/* Begin PBXGroup section */
		990C313716B9FF1C0008E90A /* Products */ = {
			isa = PBXGroup;
			children = (
				990C314016B9FF1D0008E90A /* libTapkuLibrary.a */,
				990C314216B9FF1D0008E90A /* LogicTests.octest */,
			);
			name = Products;
			sourceTree = "<group>";
		};
		99959A5D16B756DC00E69A2F = {
			isa = PBXGroup;
			children = (
				991B378C172CC56200E83F52 /* preaching_log_114.png */,
				991B3788172CC4A500E83F52 /* preaching_log_57.png */,
				990C31B216C61D6B0008E90A /* book.png */,
				990C313616B9FF1C0008E90A /* TapkuLibrary.xcodeproj */,
				99959A7216B756DC00E69A2F /* Preaching Log */,
				99959A9C16B756DC00E69A2F /* Preaching LogTests */,
				99959A6B16B756DC00E69A2F /* Frameworks */,
				99959A6916B756DC00E69A2F /* Products */,
			);
			sourceTree = "<group>";
		};
		99959A6916B756DC00E69A2F /* Products */ = {
			isa = PBXGroup;
			children = (
				99959A6816B756DC00E69A2F /* Preaching Log.app */,
				99959A9516B756DC00E69A2F /* Preaching LogTests.octest */,
			);
			name = Products;
			sourceTree = "<group>";
		};
		99959A6B16B756DC00E69A2F /* Frameworks */ = {
			isa = PBXGroup;
			children = (
				994247D31722EC0200B60305 /* AddressBookUI.framework */,
				994247D51722F22800B60305 /* AddressBook.framework */,
				99CC12DF1720F49E0012C01C /* CoreData.framework */,
				99959AF316B75D5000E69A2F /* QuartzCore.framework */,
				99959AF516B75D6300E69A2F /* MapKit.framework */,
				99959A6C16B756DC00E69A2F /* UIKit.framework */,
				99959A6E16B756DC00E69A2F /* Foundation.framework */,
				99959A7016B756DC00E69A2F /* CoreGraphics.framework */,
				99959A9616B756DC00E69A2F /* SenTestingKit.framework */,
			);
			name = Frameworks;
			sourceTree = "<group>";
		};
		99959A7216B756DC00E69A2F /* Preaching Log */ = {
			isa = PBXGroup;
			children = (
				99EBD77F172634D3003042C7 /* AbstractActionSheetPicker.h */,
				99EBD780172634D3003042C7 /* AbstractActionSheetPicker.m */,
				99EBD77A172634C1003042C7 /* ActionSheetStringPicker.h */,
				99EBD77B172634C1003042C7 /* ActionSheetStringPicker.m */,
				99959A7B16B756DC00E69A2F /* AppDelegate.h */,
				99959A7C16B756DC00E69A2F /* AppDelegate.m */,
				99959A8416B756DC00E69A2F /* MainStoryboard_iPhone.storyboard */,
				99959A8716B756DC00E69A2F /* MainStoryboard_iPad.storyboard */,
				99959B0716B7712700E69A2F /* CalendarViewController.h */,
				99959B0816B7712700E69A2F /* CalendarViewController.m */,
				990C316316BA14160008E90A /* AddEventViewController.h */,
				990C316416BA14160008E90A /* AddEventViewController.m */,
				990C318316C20C660008E90A /* ViewWeekViewController.h */,
				990C318416C20C670008E90A /* ViewWeekViewController.m */,
				990C317016BCAB120008E90A /* VariableStore.h */,
				990C317116BCAB120008E90A /* VariableStore.m */,
				990C31A916C36B7E0008E90A /* TableCell.h */,
				990C31AA16C36B7F0008E90A /* TableCell.m */,
				990C312016B9F9D70008E90A /* CalendarMonthViewController.h */,
				990C312116B9F9D70008E90A /* CalendarMonthViewController.m */,
				994247D81722F5C000B60305 /* ContactLogViewController.h */,
				994247D91722F5C000B60305 /* ContactLogViewController.m */,
				99CC12E5172211E80012C01C /* Event.h */,
				99CC12E6172211E80012C01C /* Event.m */,
				994247DC1723126B00B60305 /* Contact.h */,
				994247DD1723126B00B60305 /* Contact.m */,
				99CC12E21720F6CD0012C01C /* Preaching Log.xcdatamodeld */,
				99959A7316B756DC00E69A2F /* Supporting Files */,
			);
			path = "Preaching Log";
			sourceTree = "<group>";
		};
		99959A7316B756DC00E69A2F /* Supporting Files */ = {
			isa = PBXGroup;
			children = (
				991B378A172CC54400E83F52 /* preaching_log_114.png */,
				991B3786172CC48700E83F52 /* preaching_log_57.png */,
				991B3781172CC2C500E83F52 /* cr32_action_contents2 (2).png */,
				99013A1A17286924006453BC /* toggle_log.png */,
				99DC0A991726280C00770C82 /* blue_button.png */,
				99D87DB91726255900A1785E /* sub_blue_remove.png */,
				990C31B416C6860B0008E90A /* cr32_action_contents2 (1).png */,
				990C31B016C61D5D0008E90A /* book.png */,
				990C31AE16C61D150008E90A /* cr32_action_contents2.png */,
				990C31AC16C61A230008E90A /* log_book.jpg */,
				990C318116BF5C220008E90A /* red_uibutton.png */,
				990C317F16BF5C110008E90A /* green_uibutton.png */,
				990C317D16BF5BFF0008E90A /* grey_uibutton.png */,
				99959AEE16B75CE000E69A2F /* TapkuLibrary.bundle */,
				99959A7416B756DC00E69A2F /* Preaching Log-Info.plist */,
				99959A7516B756DC00E69A2F /* InfoPlist.strings */,
				99959A7816B756DC00E69A2F /* main.m */,
				99959A7A16B756DC00E69A2F /* Preaching Log-Prefix.pch */,
				99959A7E16B756DC00E69A2F /* Default.png */,
				99959A8016B756DC00E69A2F /* Default@2x.png */,
				99959A8216B756DC00E69A2F /* Default-568h@2x.png */,
				990C31A716C368D40008E90A /* CustomCellView.xib */,
			);
			name = "Supporting Files";
			sourceTree = "<group>";
		};
		99959A9C16B756DC00E69A2F /* Preaching LogTests */ = {
			isa = PBXGroup;
			children = (
				99959AA216B756DC00E69A2F /* Preaching_LogTests.h */,
				99959AA316B756DC00E69A2F /* Preaching_LogTests.m */,
				99959A9D16B756DC00E69A2F /* Supporting Files */,
			);
			path = "Preaching LogTests";
			sourceTree = "<group>";
		};
		99959A9D16B756DC00E69A2F /* Supporting Files */ = {
			isa = PBXGroup;
			children = (
				99959A9E16B756DC00E69A2F /* Preaching LogTests-Info.plist */,
				99959A9F16B756DC00E69A2F /* InfoPlist.strings */,
			);
			name = "Supporting Files";
			sourceTree = "<group>";
		};
/* End PBXGroup section */

/* Begin PBXNativeTarget section */
		99959A6716B756DC00E69A2F /* Preaching Log */ = {
			isa = PBXNativeTarget;
			buildConfigurationList = 99959AA716B756DC00E69A2F /* Build configuration list for PBXNativeTarget "Preaching Log" */;
			buildPhases = (
				99959A6416B756DC00E69A2F /* Sources */,
				99959A6516B756DC00E69A2F /* Frameworks */,
				99959A6616B756DC00E69A2F /* Resources */,
			);
			buildRules = (
			);
			dependencies = (
				990C314416B9FF6C0008E90A /* PBXTargetDependency */,
			);
			name = "Preaching Log";
			productName = "Preaching Log";
			productReference = 99959A6816B756DC00E69A2F /* Preaching Log.app */;
			productType = "com.apple.product-type.application";
		};
		99959A9416B756DC00E69A2F /* Preaching LogTests */ = {
			isa = PBXNativeTarget;
			buildConfigurationList = 99959AAA16B756DC00E69A2F /* Build configuration list for PBXNativeTarget "Preaching LogTests" */;
			buildPhases = (
				99959A9016B756DC00E69A2F /* Sources */,
				99959A9116B756DC00E69A2F /* Frameworks */,
				99959A9216B756DC00E69A2F /* Resources */,
				99959A9316B756DC00E69A2F /* ShellScript */,
			);
			buildRules = (
			);
			dependencies = (
				99959A9B16B756DC00E69A2F /* PBXTargetDependency */,
			);
			name = "Preaching LogTests";
			productName = "Preaching LogTests";
			productReference = 99959A9516B756DC00E69A2F /* Preaching LogTests.octest */;
			productType = "com.apple.product-type.bundle";
		};
/* End PBXNativeTarget section */

/* Begin PBXProject section */
		99959A5F16B756DC00E69A2F /* Project object */ = {
			isa = PBXProject;
			attributes = {
				LastUpgradeCheck = 0450;
				ORGANIZATIONNAME = "Church Of God";
			};
			buildConfigurationList = 99959A6216B756DC00E69A2F /* Build configuration list for PBXProject "Preaching Log" */;
			compatibilityVersion = "Xcode 3.2";
			developmentRegion = English;
			hasScannedForEncodings = 0;
			knownRegions = (
				en,
				English,
				French,
			);
			mainGroup = 99959A5D16B756DC00E69A2F;
			productRefGroup = 99959A6916B756DC00E69A2F /* Products */;
			projectDirPath = "";
			projectReferences = (
				{
					ProductGroup = 990C313716B9FF1C0008E90A /* Products */;
					ProjectRef = 990C313616B9FF1C0008E90A /* TapkuLibrary.xcodeproj */;
				},
			);
			projectRoot = "";
			targets = (
				99959A6716B756DC00E69A2F /* Preaching Log */,
				99959A9416B756DC00E69A2F /* Preaching LogTests */,
			);
		};
/* End PBXProject section */

/* Begin PBXReferenceProxy section */
		990C314016B9FF1D0008E90A /* libTapkuLibrary.a */ = {
			isa = PBXReferenceProxy;
			fileType = archive.ar;
			path = libTapkuLibrary.a;
			remoteRef = 990C313F16B9FF1D0008E90A /* PBXContainerItemProxy */;
			sourceTree = BUILT_PRODUCTS_DIR;
		};
		990C314216B9FF1D0008E90A /* LogicTests.octest */ = {
			isa = PBXReferenceProxy;
			fileType = wrapper.cfbundle;
			path = LogicTests.octest;
			remoteRef = 990C314116B9FF1D0008E90A /* PBXContainerItemProxy */;
			sourceTree = BUILT_PRODUCTS_DIR;
		};
/* End PBXReferenceProxy section */

/* Begin PBXResourcesBuildPhase section */
		99959A6616B756DC00E69A2F /* Resources */ = {
			isa = PBXResourcesBuildPhase;
			buildActionMask = 2147483647;
			files = (
				99959A7716B756DC00E69A2F /* InfoPlist.strings in Resources */,
				99959A7F16B756DC00E69A2F /* Default.png in Resources */,
				99959A8116B756DC00E69A2F /* Default@2x.png in Resources */,
				99959A8316B756DC00E69A2F /* Default-568h@2x.png in Resources */,
				99959A8616B756DC00E69A2F /* MainStoryboard_iPhone.storyboard in Resources */,
				99959A8916B756DC00E69A2F /* MainStoryboard_iPad.storyboard in Resources */,
				99959AEF16B75CE000E69A2F /* TapkuLibrary.bundle in Resources */,
				990C317E16BF5C000008E90A /* grey_uibutton.png in Resources */,
				990C318016BF5C110008E90A /* green_uibutton.png in Resources */,
				990C318216BF5C220008E90A /* red_uibutton.png in Resources */,
				990C31A816C368D40008E90A /* CustomCellView.xib in Resources */,
				990C31AD16C61A230008E90A /* log_book.jpg in Resources */,
				990C31AF16C61D150008E90A /* cr32_action_contents2.png in Resources */,
				990C31B116C61D5D0008E90A /* book.png in Resources */,
				990C31B316C61D6B0008E90A /* book.png in Resources */,
				990C31B516C6860B0008E90A /* cr32_action_contents2 (1).png in Resources */,
				99D87DBA1726255900A1785E /* sub_blue_remove.png in Resources */,
				99DC0A9A1726280C00770C82 /* blue_button.png in Resources */,
				99013A1B17286924006453BC /* toggle_log.png in Resources */,
				991B3782172CC2C500E83F52 /* cr32_action_contents2 (2).png in Resources */,
				991B3787172CC48700E83F52 /* preaching_log_57.png in Resources */,
				991B3789172CC4A500E83F52 /* preaching_log_57.png in Resources */,
				991B378B172CC54400E83F52 /* preaching_log_114.png in Resources */,
				991B378D172CC56200E83F52 /* preaching_log_114.png in Resources */,
			);
			runOnlyForDeploymentPostprocessing = 0;
		};
		99959A9216B756DC00E69A2F /* Resources */ = {
			isa = PBXResourcesBuildPhase;
			buildActionMask = 2147483647;
			files = (
				99959AA116B756DC00E69A2F /* InfoPlist.strings in Resources */,
			);
			runOnlyForDeploymentPostprocessing = 0;
		};
/* End PBXResourcesBuildPhase section */

/* Begin PBXShellScriptBuildPhase section */
		99959A9316B756DC00E69A2F /* ShellScript */ = {
			isa = PBXShellScriptBuildPhase;
			buildActionMask = 2147483647;
			files = (
			);
			inputPaths = (
			);
			outputPaths = (
			);
			runOnlyForDeploymentPostprocessing = 0;
			shellPath = /bin/sh;
			shellScript = "# Run the unit tests in this test bundle.\n\"${SYSTEM_DEVELOPER_DIR}/Tools/RunUnitTests\"\n";
		};
/* End PBXShellScriptBuildPhase section */

/* Begin PBXSourcesBuildPhase section */
		99959A6416B756DC00E69A2F /* Sources */ = {
			isa = PBXSourcesBuildPhase;
			buildActionMask = 2147483647;
			files = (
				99959A7916B756DC00E69A2F /* main.m in Sources */,
				99959A7D16B756DC00E69A2F /* AppDelegate.m in Sources */,
				99959B0916B7712700E69A2F /* CalendarViewController.m in Sources */,
				990C312216B9F9D70008E90A /* CalendarMonthViewController.m in Sources */,
				990C316516BA14160008E90A /* AddEventViewController.m in Sources */,
				990C317216BCAB120008E90A /* VariableStore.m in Sources */,
				990C318516C20C670008E90A /* ViewWeekViewController.m in Sources */,
				990C31AB16C36B7F0008E90A /* TableCell.m in Sources */,
				99CC12E41720F6CD0012C01C /* Preaching Log.xcdatamodeld in Sources */,
				99CC12E7172211E80012C01C /* Event.m in Sources */,
				994247DA1722F5C000B60305 /* ContactLogViewController.m in Sources */,
				994247DE1723126B00B60305 /* Contact.m in Sources */,
				99EBD77C172634C1003042C7 /* ActionSheetStringPicker.m in Sources */,
				99EBD781172634D3003042C7 /* AbstractActionSheetPicker.m in Sources */,
			);
			runOnlyForDeploymentPostprocessing = 0;
		};
		99959A9016B756DC00E69A2F /* Sources */ = {
			isa = PBXSourcesBuildPhase;
			buildActionMask = 2147483647;
			files = (
				99959AA416B756DC00E69A2F /* Preaching_LogTests.m in Sources */,
				99EBD77D172634C1003042C7 /* ActionSheetStringPicker.m in Sources */,
				99EBD782172634D3003042C7 /* AbstractActionSheetPicker.m in Sources */,
			);
			runOnlyForDeploymentPostprocessing = 0;
		};
/* End PBXSourcesBuildPhase section */

/* Begin PBXTargetDependency section */
		990C314416B9FF6C0008E90A /* PBXTargetDependency */ = {
			isa = PBXTargetDependency;
			name = TapkuLibrary;
			targetProxy = 990C314316B9FF6C0008E90A /* PBXContainerItemProxy */;
		};
		99959A9B16B756DC00E69A2F /* PBXTargetDependency */ = {
			isa = PBXTargetDependency;
			target = 99959A6716B756DC00E69A2F /* Preaching Log */;
			targetProxy = 99959A9A16B756DC00E69A2F /* PBXContainerItemProxy */;
		};
/* End PBXTargetDependency section */

/* Begin PBXVariantGroup section */
		99959A7516B756DC00E69A2F /* InfoPlist.strings */ = {
			isa = PBXVariantGroup;
			children = (
				99959A7616B756DC00E69A2F /* en */,
			);
			name = InfoPlist.strings;
			sourceTree = "<group>";
		};
		99959A8416B756DC00E69A2F /* MainStoryboard_iPhone.storyboard */ = {
			isa = PBXVariantGroup;
			children = (
				99959A8516B756DC00E69A2F /* en */,
			);
			name = MainStoryboard_iPhone.storyboard;
			sourceTree = "<group>";
		};
		99959A8716B756DC00E69A2F /* MainStoryboard_iPad.storyboard */ = {
			isa = PBXVariantGroup;
			children = (
				99959A8816B756DC00E69A2F /* en */,
			);
			name = MainStoryboard_iPad.storyboard;
			sourceTree = "<group>";
		};
		99959A9F16B756DC00E69A2F /* InfoPlist.strings */ = {
			isa = PBXVariantGroup;
			children = (
				99959AA016B756DC00E69A2F /* en */,
			);
			name = InfoPlist.strings;
			sourceTree = "<group>";
		};
/* End PBXVariantGroup section */

/* Begin XCBuildConfiguration section */
		99959AA516B756DC00E69A2F /* Debug */ = {
			isa = XCBuildConfiguration;
			buildSettings = {
				ALWAYS_SEARCH_USER_PATHS = NO;
				CLANG_CXX_LANGUAGE_STANDARD = "gnu++0x";
				CLANG_CXX_LIBRARY = "libc++";
				CLANG_ENABLE_OBJC_ARC = YES;
				CLANG_WARN_EMPTY_BODY = YES;
				CLANG_WARN__DUPLICATE_METHOD_MATCH = YES;
				"CODE_SIGN_IDENTITY[sdk=iphoneos*]" = "iPhone Developer";
				COPY_PHASE_STRIP = NO;
				GCC_C_LANGUAGE_STANDARD = gnu99;
				GCC_DYNAMIC_NO_PIC = NO;
				GCC_OPTIMIZATION_LEVEL = 0;
				GCC_PREPROCESSOR_DEFINITIONS = (
					"DEBUG=1",
					"$(inherited)",
				);
				GCC_SYMBOLS_PRIVATE_EXTERN = NO;
				GCC_WARN_ABOUT_RETURN_TYPE = YES;
				GCC_WARN_UNINITIALIZED_AUTOS = YES;
				GCC_WARN_UNUSED_VARIABLE = YES;
				IPHONEOS_DEPLOYMENT_TARGET = 6.0;
				ONLY_ACTIVE_ARCH = YES;
				SDKROOT = iphoneos;
				TARGETED_DEVICE_FAMILY = "1,2";
			};
			name = Debug;
		};
		99959AA616B756DC00E69A2F /* Release */ = {
			isa = XCBuildConfiguration;
			buildSettings = {
				ALWAYS_SEARCH_USER_PATHS = NO;
				CLANG_CXX_LANGUAGE_STANDARD = "gnu++0x";
				CLANG_CXX_LIBRARY = "libc++";
				CLANG_ENABLE_OBJC_ARC = YES;
				CLANG_WARN_EMPTY_BODY = YES;
				CLANG_WARN__DUPLICATE_METHOD_MATCH = YES;
				"CODE_SIGN_IDENTITY[sdk=iphoneos*]" = "iPhone Developer";
				COPY_PHASE_STRIP = YES;
				GCC_C_LANGUAGE_STANDARD = gnu99;
				GCC_WARN_ABOUT_RETURN_TYPE = YES;
				GCC_WARN_UNINITIALIZED_AUTOS = YES;
				GCC_WARN_UNUSED_VARIABLE = YES;
				IPHONEOS_DEPLOYMENT_TARGET = 6.0;
				OTHER_CFLAGS = "-DNS_BLOCK_ASSERTIONS=1";
				SDKROOT = iphoneos;
				TARGETED_DEVICE_FAMILY = "1,2";
				VALIDATE_PRODUCT = YES;
			};
			name = Release;
		};
		99959AA816B756DC00E69A2F /* Debug */ = {
			isa = XCBuildConfiguration;
			buildSettings = {
				ALWAYS_SEARCH_USER_PATHS = NO;
				GCC_PRECOMPILE_PREFIX_HEADER = YES;
				GCC_PREFIX_HEADER = "Preaching Log/Preaching Log-Prefix.pch";
				HEADER_SEARCH_PATHS = (
					"\"${SRCROOT}\"",
					/Users/patrickasare/Desktop/tapkulibrary/src,
				);
				INFOPLIST_FILE = "Preaching Log/Preaching Log-Info.plist";
				OTHER_LDFLAGS = "-all_load";
				PRODUCT_NAME = "$(TARGET_NAME)";
				TARGETED_DEVICE_FAMILY = 1;
				WRAPPER_EXTENSION = app;
			};
			name = Debug;
		};
		99959AA916B756DC00E69A2F /* Release */ = {
			isa = XCBuildConfiguration;
			buildSettings = {
				ALWAYS_SEARCH_USER_PATHS = NO;
				GCC_PRECOMPILE_PREFIX_HEADER = YES;
				GCC_PREFIX_HEADER = "Preaching Log/Preaching Log-Prefix.pch";
				HEADER_SEARCH_PATHS = (
					"\"${SRCROOT}\"",
					/Users/patrickasare/Desktop/tapkulibrary/src,
				);
				INFOPLIST_FILE = "Preaching Log/Preaching Log-Info.plist";
				OTHER_LDFLAGS = "-all_load";
				PRODUCT_NAME = "$(TARGET_NAME)";
				TARGETED_DEVICE_FAMILY = 1;
				WRAPPER_EXTENSION = app;
			};
			name = Release;
		};
		99959AAB16B756DC00E69A2F /* Debug */ = {
			isa = XCBuildConfiguration;
			buildSettings = {
				BUNDLE_LOADER = "$(BUILT_PRODUCTS_DIR)/Preaching Log.app/Preaching Log";
				FRAMEWORK_SEARCH_PATHS = (
					"\"$(SDKROOT)/Developer/Library/Frameworks\"",
					"\"$(DEVELOPER_LIBRARY_DIR)/Frameworks\"",
				);
				GCC_PRECOMPILE_PREFIX_HEADER = YES;
				GCC_PREFIX_HEADER = "Preaching Log/Preaching Log-Prefix.pch";
				INFOPLIST_FILE = "Preaching LogTests/Preaching LogTests-Info.plist";
				PRODUCT_NAME = "$(TARGET_NAME)";
				TEST_HOST = "$(BUNDLE_LOADER)";
				WRAPPER_EXTENSION = octest;
			};
			name = Debug;
		};
		99959AAC16B756DC00E69A2F /* Release */ = {
			isa = XCBuildConfiguration;
			buildSettings = {
				BUNDLE_LOADER = "$(BUILT_PRODUCTS_DIR)/Preaching Log.app/Preaching Log";
				FRAMEWORK_SEARCH_PATHS = (
					"\"$(SDKROOT)/Developer/Library/Frameworks\"",
					"\"$(DEVELOPER_LIBRARY_DIR)/Frameworks\"",
				);
				GCC_PRECOMPILE_PREFIX_HEADER = YES;
				GCC_PREFIX_HEADER = "Preaching Log/Preaching Log-Prefix.pch";
				INFOPLIST_FILE = "Preaching LogTests/Preaching LogTests-Info.plist";
				PRODUCT_NAME = "$(TARGET_NAME)";
				TEST_HOST = "$(BUNDLE_LOADER)";
				WRAPPER_EXTENSION = octest;
			};
			name = Release;
		};
/* End XCBuildConfiguration section */

/* Begin XCConfigurationList section */
		99959A6216B756DC00E69A2F /* Build configuration list for PBXProject "Preaching Log" */ = {
			isa = XCConfigurationList;
			buildConfigurations = (
				99959AA516B756DC00E69A2F /* Debug */,
				99959AA616B756DC00E69A2F /* Release */,
			);
			defaultConfigurationIsVisible = 0;
			defaultConfigurationName = Release;
		};
		99959AA716B756DC00E69A2F /* Build configuration list for PBXNativeTarget "Preaching Log" */ = {
			isa = XCConfigurationList;
			buildConfigurations = (
				99959AA816B756DC00E69A2F /* Debug */,
				99959AA916B756DC00E69A2F /* Release */,
			);
			defaultConfigurationIsVisible = 0;
			defaultConfigurationName = Release;
		};
		99959AAA16B756DC00E69A2F /* Build configuration list for PBXNativeTarget "Preaching LogTests" */ = {
			isa = XCConfigurationList;
			buildConfigurations = (
				99959AAB16B756DC00E69A2F /* Debug */,
				99959AAC16B756DC00E69A2F /* Release */,
			);
			defaultConfigurationIsVisible = 0;
			defaultConfigurationName = Release;
		};
/* End XCConfigurationList section */

/* Begin XCVersionGroup section */
		99CC12E21720F6CD0012C01C /* Preaching Log.xcdatamodeld */ = {
			isa = XCVersionGroup;
			children = (
				99CC12E31720F6CD0012C01C /* Preaching Log.xcdatamodel */,
			);
			currentVersion = 99CC12E31720F6CD0012C01C /* Preaching Log.xcdatamodel */;
			path = "Preaching Log.xcdatamodeld";
			sourceTree = SOURCE_ROOT;
			versionGroupType = wrapper.xcdatamodel;
		};
/* End XCVersionGroup section */
	};
	rootObject = 99959A5F16B756DC00E69A2F /* Project object */;
}
